
Microsoft Visual Studio Solution File, Format Version 12.00
# Visual Studio Version 16
VisualStudioVersion = 16.0.33328.57
MinimumVisualStudioVersion = 10.0.40219.1
Project("{FAE04EC0-301F-11D3-BF4B-00C04F79EFBC}") = "Exercise_2", "Exercise_2\Exercise_2.csproj", "{3E250BAC-006E-4125-B2E3-F9B6EB34B66A}"
EndProject
Global
	GlobalSection(SolutionConfigurationPlatforms) = preSolution
		Debug|Any CPU = Debug|Any CPU
		Release|Any CPU = Release|Any CPU
	EndGlobalSection
	GlobalSection(ProjectConfigurationPlatforms) = postSolution
		{3E250BAC-006E-4125-B2E3-F9B6EB34B66A}.Debug|Any CPU.ActiveCfg = Debug|Any CPU
		{3E250BAC-006E-4125-B2E3-F9B6EB34B66A}.Debug|Any CPU.Build.0 = Debug|Any CPU
		{3E250BAC-006E-4125-B2E3-F9B6EB34B66A}.Release|Any CPU.ActiveCfg = Release|Any CPU
		{3E250BAC-006E-4125-B2E3-F9B6EB34B66A}.Release|Any CPU.Build.0 = Release|Any CPU
	EndGlobalSection
	GlobalSection(SolutionProperties) = preSolution
		HideSolutionNode = FALSE
	EndGlobalSection
	GlobalSection(ExtensibilityGlobals) = postSolution
		SolutionGuid = {ECD724A4-BCE0-44DF-9493-E94F6C5F0E64}
	EndGlobalSection
EndGlobal
