
Microsoft Visual Studio Solution File, Format Version 12.00
# Visual Studio Version 16
VisualStudioVersion = 16.0.33328.57
MinimumVisualStudioVersion = 10.0.40219.1
Project("{FAE04EC0-301F-11D3-BF4B-00C04F79EFBC}") = "Exercise_5", "Exercise_5\Exercise_5.csproj", "{9CB11500-FB08-4B99-AE59-0D949EE6A24E}"
EndProject
Global
	GlobalSection(SolutionConfigurationPlatforms) = preSolution
		Debug|Any CPU = Debug|Any CPU
		Release|Any CPU = Release|Any CPU
	EndGlobalSection
	GlobalSection(ProjectConfigurationPlatforms) = postSolution
		{9CB11500-FB08-4B99-AE59-0D949EE6A24E}.Debug|Any CPU.ActiveCfg = Debug|Any CPU
		{9CB11500-FB08-4B99-AE59-0D949EE6A24E}.Debug|Any CPU.Build.0 = Debug|Any CPU
		{9CB11500-FB08-4B99-AE59-0D949EE6A24E}.Release|Any CPU.ActiveCfg = Release|Any CPU
		{9CB11500-FB08-4B99-AE59-0D949EE6A24E}.Release|Any CPU.Build.0 = Release|Any CPU
	EndGlobalSection
	GlobalSection(SolutionProperties) = preSolution
		HideSolutionNode = FALSE
	EndGlobalSection
	GlobalSection(ExtensibilityGlobals) = postSolution
		SolutionGuid = {C62CF5F9-EC6B-4B26-AD1D-B4CD78B57DAA}
	EndGlobalSection
EndGlobal
